
Microsoft Visual Studio Solution File, Format Version 12.00
# Visual Studio Version 16
VisualStudioVersion = 16.0.29509.3
MinimumVisualStudioVersion = 10.0.40219.1
Project("{FAE04EC0-301F-11D3-BF4B-00C04F79EFBC}") = "ShoppingList", "ShoppingList\ShoppingList.csproj", "{12F649A2-8A75-4517-9926-3A9B4B760C59}"
EndProject
Global
	GlobalSection(SolutionConfigurationPlatforms) = preSolution
		Debug|Any CPU = Debug|Any CPU
		Release|Any CPU = Release|Any CPU
	EndGlobalSection
	GlobalSection(ProjectConfigurationPlatforms) = postSolution
		{12F649A2-8A75-4517-9926-3A9B4B760C59}.Debug|Any CPU.ActiveCfg = Debug|Any CPU
		{12F649A2-8A75-4517-9926-3A9B4B760C59}.Debug|Any CPU.Build.0 = Debug|Any CPU
		{12F649A2-8A75-4517-9926-3A9B4B760C59}.Release|Any CPU.ActiveCfg = Release|Any CPU
		{12F649A2-8A75-4517-9926-3A9B4B760C59}.Release|Any CPU.Build.0 = Release|Any CPU
	EndGlobalSection
	GlobalSection(SolutionProperties) = preSolution
		HideSolutionNode = FALSE
	EndGlobalSection
	GlobalSection(ExtensibilityGlobals) = postSolution
		SolutionGuid = {D8B8D134-43CB-42E1-8642-301D0C7651BA}
	EndGlobalSection
EndGlobal
